
Microsoft Visual Studio Solution File, Format Version 12.00
# Visual Studio Version 17
VisualStudioVersion = 17.8.34525.116
MinimumVisualStudioVersion = 10.0.40219.1
Project("{9A19103F-16F7-4668-BE54-9A1E7A4F7556}") = "EqualSidesOfAnArray", "EqualSidesOfAnArray\EqualSidesOfAnArray.csproj", "{3BB3011C-A18B-41C5-A9A9-489A3EBC5054}"
EndProject
Project("{9A19103F-16F7-4668-BE54-9A1E7A4F7556}") = "ShortestWord", "ShortestWord\ShortestWord.csproj", "{C165D287-C4DF-411B-8D1D-8B5F71799753}"
EndProject
Project("{9A19103F-16F7-4668-BE54-9A1E7A4F7556}") = "MultiplesOf3Or5", "MultiplesOf3Or5\MultiplesOf3Or5.csproj", "{AA698641-225B-4FA2-91B4-36782D4A7083}"
EndProject
Project("{9A19103F-16F7-4668-BE54-9A1E7A4F7556}") = "Square(n)Sum", "Square(n)Sum\Square(n)Sum.csproj", "{61277898-AD0C-46C4-B157-AB21ADBEA35C}"
EndProject
Project("{FAE04EC0-301F-11D3-BF4B-00C04F79EFBC}") = "ConvertNumberToReversedArrayOfDigits", "ConvertNumberToReversedArrayOfDigits\ConvertNumberToReversedArrayOfDigits.csproj", "{B3A2B5C7-3CD4-475A-A83A-798E07897C06}"
EndProject
Project("{FAE04EC0-301F-11D3-BF4B-00C04F79EFBC}") = "CountingSheep", "CountingSheep\CountingSheep.csproj", "{3C668C64-D42B-4C55-985D-D7738D08E7E1}"
EndProject
Project("{FAE04EC0-301F-11D3-BF4B-00C04F79EFBC}") = "OppositesAttract", "OppositesAttract\OppositesAttract.csproj", "{4075BBC9-6990-4D2E-A710-08C713163C60}"
EndProject
Global
	GlobalSection(SolutionConfigurationPlatforms) = preSolution
		Debug|Any CPU = Debug|Any CPU
		Release|Any CPU = Release|Any CPU
	EndGlobalSection
	GlobalSection(ProjectConfigurationPlatforms) = postSolution
		{3BB3011C-A18B-41C5-A9A9-489A3EBC5054}.Debug|Any CPU.ActiveCfg = Debug|Any CPU
		{3BB3011C-A18B-41C5-A9A9-489A3EBC5054}.Debug|Any CPU.Build.0 = Debug|Any CPU
		{3BB3011C-A18B-41C5-A9A9-489A3EBC5054}.Release|Any CPU.ActiveCfg = Release|Any CPU
		{3BB3011C-A18B-41C5-A9A9-489A3EBC5054}.Release|Any CPU.Build.0 = Release|Any CPU
		{C165D287-C4DF-411B-8D1D-8B5F71799753}.Debug|Any CPU.ActiveCfg = Debug|Any CPU
		{C165D287-C4DF-411B-8D1D-8B5F71799753}.Debug|Any CPU.Build.0 = Debug|Any CPU
		{C165D287-C4DF-411B-8D1D-8B5F71799753}.Release|Any CPU.ActiveCfg = Release|Any CPU
		{C165D287-C4DF-411B-8D1D-8B5F71799753}.Release|Any CPU.Build.0 = Release|Any CPU
		{AA698641-225B-4FA2-91B4-36782D4A7083}.Debug|Any CPU.ActiveCfg = Debug|Any CPU
		{AA698641-225B-4FA2-91B4-36782D4A7083}.Debug|Any CPU.Build.0 = Debug|Any CPU
		{AA698641-225B-4FA2-91B4-36782D4A7083}.Release|Any CPU.ActiveCfg = Release|Any CPU
		{AA698641-225B-4FA2-91B4-36782D4A7083}.Release|Any CPU.Build.0 = Release|Any CPU
		{61277898-AD0C-46C4-B157-AB21ADBEA35C}.Debug|Any CPU.ActiveCfg = Debug|Any CPU
		{61277898-AD0C-46C4-B157-AB21ADBEA35C}.Debug|Any CPU.Build.0 = Debug|Any CPU
		{61277898-AD0C-46C4-B157-AB21ADBEA35C}.Release|Any CPU.ActiveCfg = Release|Any CPU
		{61277898-AD0C-46C4-B157-AB21ADBEA35C}.Release|Any CPU.Build.0 = Release|Any CPU
		{B3A2B5C7-3CD4-475A-A83A-798E07897C06}.Debug|Any CPU.ActiveCfg = Debug|Any CPU
		{B3A2B5C7-3CD4-475A-A83A-798E07897C06}.Debug|Any CPU.Build.0 = Debug|Any CPU
		{B3A2B5C7-3CD4-475A-A83A-798E07897C06}.Release|Any CPU.ActiveCfg = Release|Any CPU
		{B3A2B5C7-3CD4-475A-A83A-798E07897C06}.Release|Any CPU.Build.0 = Release|Any CPU
		{3C668C64-D42B-4C55-985D-D7738D08E7E1}.Debug|Any CPU.ActiveCfg = Debug|Any CPU
		{3C668C64-D42B-4C55-985D-D7738D08E7E1}.Debug|Any CPU.Build.0 = Debug|Any CPU
		{3C668C64-D42B-4C55-985D-D7738D08E7E1}.Release|Any CPU.ActiveCfg = Release|Any CPU
		{3C668C64-D42B-4C55-985D-D7738D08E7E1}.Release|Any CPU.Build.0 = Release|Any CPU
		{4075BBC9-6990-4D2E-A710-08C713163C60}.Debug|Any CPU.ActiveCfg = Debug|Any CPU
		{4075BBC9-6990-4D2E-A710-08C713163C60}.Debug|Any CPU.Build.0 = Debug|Any CPU
		{4075BBC9-6990-4D2E-A710-08C713163C60}.Release|Any CPU.ActiveCfg = Release|Any CPU
		{4075BBC9-6990-4D2E-A710-08C713163C60}.Release|Any CPU.Build.0 = Release|Any CPU
	EndGlobalSection
	GlobalSection(SolutionProperties) = preSolution
		HideSolutionNode = FALSE
	EndGlobalSection
	GlobalSection(ExtensibilityGlobals) = postSolution
		SolutionGuid = {CB629197-E7FF-4CB7-8D26-0CC8A1030421}
	EndGlobalSection
EndGlobal
